
Microsoft Visual Studio Solution File, Format Version 12.00
# Visual Studio Version 16
VisualStudioVersion = 16.0.30204.135
MinimumVisualStudioVersion = 10.0.40219.1
Project("{9A19103F-16F7-4668-BE54-9A1E7A4F7556}") = "ImageResize", "ImageResize\ImageResize.csproj", "{136512CE-CB66-4053-8656-2515D30A009A}"
EndProject
Project("{9A19103F-16F7-4668-BE54-9A1E7A4F7556}") = "ImageResizeIIntegrationTests", "ImageResizeIntergrationTests\ImageResizeIIntegrationTests.csproj", "{FA2B38A3-9F80-4689-B0C7-092127E927A4}"
EndProject
Project("{FAE04EC0-301F-11D3-BF4B-00C04F79EFBC}") = "ImageResizeUnitTests", "ImageResizeUnitTests\ImageResizeUnitTests.csproj", "{C6C34B1F-4D70-48A5-940E-D2B3AA101120}"
EndProject
Global
	GlobalSection(SolutionConfigurationPlatforms) = preSolution
		Debug|Any CPU = Debug|Any CPU
		Release|Any CPU = Release|Any CPU
	EndGlobalSection
	GlobalSection(ProjectConfigurationPlatforms) = postSolution
		{136512CE-CB66-4053-8656-2515D30A009A}.Debug|Any CPU.ActiveCfg = Debug|Any CPU
		{136512CE-CB66-4053-8656-2515D30A009A}.Debug|Any CPU.Build.0 = Debug|Any CPU
		{136512CE-CB66-4053-8656-2515D30A009A}.Release|Any CPU.ActiveCfg = Release|Any CPU
		{136512CE-CB66-4053-8656-2515D30A009A}.Release|Any CPU.Build.0 = Release|Any CPU
		{FA2B38A3-9F80-4689-B0C7-092127E927A4}.Debug|Any CPU.ActiveCfg = Debug|Any CPU
		{FA2B38A3-9F80-4689-B0C7-092127E927A4}.Debug|Any CPU.Build.0 = Debug|Any CPU
		{FA2B38A3-9F80-4689-B0C7-092127E927A4}.Release|Any CPU.ActiveCfg = Release|Any CPU
		{FA2B38A3-9F80-4689-B0C7-092127E927A4}.Release|Any CPU.Build.0 = Release|Any CPU
		{C6C34B1F-4D70-48A5-940E-D2B3AA101120}.Debug|Any CPU.ActiveCfg = Debug|Any CPU
		{C6C34B1F-4D70-48A5-940E-D2B3AA101120}.Debug|Any CPU.Build.0 = Debug|Any CPU
		{C6C34B1F-4D70-48A5-940E-D2B3AA101120}.Release|Any CPU.ActiveCfg = Release|Any CPU
		{C6C34B1F-4D70-48A5-940E-D2B3AA101120}.Release|Any CPU.Build.0 = Release|Any CPU
	EndGlobalSection
	GlobalSection(SolutionProperties) = preSolution
		HideSolutionNode = FALSE
	EndGlobalSection
	GlobalSection(ExtensibilityGlobals) = postSolution
		SolutionGuid = {9709AD02-0798-47C3-8D9F-65B4B2DA6F32}
	EndGlobalSection
EndGlobal
